
Microsoft Visual Studio Solution File, Format Version 12.00
# Visual Studio 15
VisualStudioVersion = 15.0.28010.2050
MinimumVisualStudioVersion = 10.0.40219.1
Project("{FAE04EC0-301F-11D3-BF4B-00C04F79EFBC}") = "CSharpDependencyInjection", "CSharpDependencyInjection\CSharpDependencyInjection.csproj", "{271FF45E-C03C-444E-BBBD-0AB1051DB973}"
EndProject
Global
	GlobalSection(SolutionConfigurationPlatforms) = preSolution
		Debug|Any CPU = Debug|Any CPU
		Release|Any CPU = Release|Any CPU
	EndGlobalSection
	GlobalSection(ProjectConfigurationPlatforms) = postSolution
		{271FF45E-C03C-444E-BBBD-0AB1051DB973}.Debug|Any CPU.ActiveCfg = Debug|Any CPU
		{271FF45E-C03C-444E-BBBD-0AB1051DB973}.Debug|Any CPU.Build.0 = Debug|Any CPU
		{271FF45E-C03C-444E-BBBD-0AB1051DB973}.Release|Any CPU.ActiveCfg = Release|Any CPU
		{271FF45E-C03C-444E-BBBD-0AB1051DB973}.Release|Any CPU.Build.0 = Release|Any CPU
	EndGlobalSection
	GlobalSection(SolutionProperties) = preSolution
		HideSolutionNode = FALSE
	EndGlobalSection
	GlobalSection(ExtensibilityGlobals) = postSolution
		SolutionGuid = {5BBF122F-A4E0-4C60-AF94-9ECCAE82021C}
	EndGlobalSection
EndGlobal
